
Microsoft Visual Studio Solution File, Format Version 12.00
# Visual Studio Version 17
VisualStudioVersion = 17.4.33213.308
MinimumVisualStudioVersion = 10.0.40219.1
Project("{2150E333-8FDC-42A3-9474-1A3956D46DE8}") = "css", "css", "{B1878CE5-EF70-408C-8831-4E9A8DA0322B}"
	ProjectSection(SolutionItems) = preProject
		css\style.css = css\style.css
	EndProjectSection
EndProject
Project("{2150E333-8FDC-42A3-9474-1A3956D46DE8}") = "ソリューション項目", "ソリューション項目", "{A7E6841E-46B9-496A-97D3-AD28A88CCFC5}"
	ProjectSection(SolutionItems) = preProject
		index.html = index.html
	EndProjectSection
EndProject
Project("{2150E333-8FDC-42A3-9474-1A3956D46DE8}") = "js", "js", "{453062BA-7C0A-4276-9C3D-E28091140278}"
	ProjectSection(SolutionItems) = preProject
		js\loadYoutube.js = js\loadYoutube.js
	EndProjectSection
EndProject
Project("{2150E333-8FDC-42A3-9474-1A3956D46DE8}") = "img", "img", "{4E91ABD0-9B34-4845-877E-BEF35C8607DE}"
	ProjectSection(SolutionItems) = preProject
		img\dgic_bear.jpg = img\dgic_bear.jpg
	EndProjectSection
EndProject
Global
	GlobalSection(SolutionProperties) = preSolution
		HideSolutionNode = FALSE
	EndGlobalSection
	GlobalSection(ExtensibilityGlobals) = postSolution
		SolutionGuid = {8B8DD369-6655-4728-8853-4369F99E81D9}
	EndGlobalSection
EndGlobal
